
Microsoft Visual Studio Solution File, Format Version 12.00
# Visual Studio 15
VisualStudioVersion = 15.0.28307.757
MinimumVisualStudioVersion = 10.0.40219.1
Project("{FAE04EC0-301F-11D3-BF4B-00C04F79EFBC}") = "Pacman", "Pacman\Pacman.csproj", "{A5F8D225-A1DC-4811-91D6-F06028EF779D}"
EndProject
Global
	GlobalSection(SolutionConfigurationPlatforms) = preSolution
		Debug|Any CPU = Debug|Any CPU
		Release|Any CPU = Release|Any CPU
	EndGlobalSection
	GlobalSection(ProjectConfigurationPlatforms) = postSolution
		{A5F8D225-A1DC-4811-91D6-F06028EF779D}.Debug|Any CPU.ActiveCfg = Debug|Any CPU
		{A5F8D225-A1DC-4811-91D6-F06028EF779D}.Debug|Any CPU.Build.0 = Debug|Any CPU
		{A5F8D225-A1DC-4811-91D6-F06028EF779D}.Release|Any CPU.ActiveCfg = Release|Any CPU
		{A5F8D225-A1DC-4811-91D6-F06028EF779D}.Release|Any CPU.Build.0 = Release|Any CPU
	EndGlobalSection
	GlobalSection(SolutionProperties) = preSolution
		HideSolutionNode = FALSE
	EndGlobalSection
	GlobalSection(ExtensibilityGlobals) = postSolution
		SolutionGuid = {90CAF676-7AD8-43C3-A62B-B8B067753082}
	EndGlobalSection
EndGlobal
